
Microsoft Visual Studio Solution File, Format Version 12.00
# Visual Studio Version 16
VisualStudioVersion = 16.0.30804.86
MinimumVisualStudioVersion = 10.0.40219.1
Project("{888888A0-9F3D-457C-B088-3A5042F75D52}") = "treino_dataframe", "treino_dataframe\treino_dataframe.pyproj", "{0440AD15-ACE1-41C0-9D94-48C3B95C5BC5}"
EndProject
Global
	GlobalSection(SolutionConfigurationPlatforms) = preSolution
		Debug|Any CPU = Debug|Any CPU
		Release|Any CPU = Release|Any CPU
	EndGlobalSection
	GlobalSection(ProjectConfigurationPlatforms) = postSolution
		{0440AD15-ACE1-41C0-9D94-48C3B95C5BC5}.Debug|Any CPU.ActiveCfg = Debug|Any CPU
		{0440AD15-ACE1-41C0-9D94-48C3B95C5BC5}.Release|Any CPU.ActiveCfg = Release|Any CPU
	EndGlobalSection
	GlobalSection(SolutionProperties) = preSolution
		HideSolutionNode = FALSE
	EndGlobalSection
	GlobalSection(ExtensibilityGlobals) = postSolution
		SolutionGuid = {5B3FEBE0-A9D8-4A7D-A1B4-3C68B2AFDC22}
	EndGlobalSection
EndGlobal
